
Microsoft Visual Studio Solution File, Format Version 12.00
# Visual Studio 15
VisualStudioVersion = 15.0.27004.2009
MinimumVisualStudioVersion = 10.0.40219.1
Project("{9A19103F-16F7-4668-BE54-9A1E7A4F7556}") = "NetCorePal.HealthCheck", "NetCorePal.HealthCheck\NetCorePal.HealthCheck.csproj", "{729C4E31-F3E8-42E1-BA4C-4C29D8416622}"
EndProject
Project("{2150E333-8FDC-42A3-9474-1A3956D46DE8}") = "Solution Items", "Solution Items", "{93F7BBFC-6A3C-4BA6-93BF-B1C307140F01}"
	ProjectSection(SolutionItems) = preProject
		README.md = README.md
	EndProjectSection
EndProject
Project("{9A19103F-16F7-4668-BE54-9A1E7A4F7556}") = "NetCorePal.HealthCheck.Test", "NetCorePal.HealthCheck.Test\NetCorePal.HealthCheck.Test.csproj", "{4201B6BF-3D2C-4B6F-B948-A1CD1AE24C12}"
EndProject
Project("{9A19103F-16F7-4668-BE54-9A1E7A4F7556}") = "NetCorePal.HealthCheck.Web", "NetCorePal.HealthCheck.Web\NetCorePal.HealthCheck.Web.csproj", "{D2C1AF24-5253-4ABA-B5B0-8E9B2522E27B}"
EndProject
Project("{9A19103F-16F7-4668-BE54-9A1E7A4F7556}") = "NetCorePal.HealthCheck.AspNetCore", "NetCorePal.HealthCheck.AspNetCore\NetCorePal.HealthCheck.AspNetCore.csproj", "{EB5BF31F-4506-4350-B461-4B6C03FE56D8}"
EndProject
Project("{9A19103F-16F7-4668-BE54-9A1E7A4F7556}") = "NetCorePal.HealthCheck.Web.Test", "NetCorePal.HealthCheck.Web.Test\NetCorePal.HealthCheck.Web.Test.csproj", "{28B0DC13-3019-4CF8-9ECC-DA65538ADCA0}"
EndProject
Project("{9A19103F-16F7-4668-BE54-9A1E7A4F7556}") = "NetCorePal.HealthCheck.AspNetCore.Test", "NetCorePal.HealthCheck.AspNetCore.Test\NetCorePal.HealthCheck.AspNetCore.Test.csproj", "{1AE5AF72-E5CE-46B3-B41D-1F603A89C385}"
EndProject
Project("{2150E333-8FDC-42A3-9474-1A3956D46DE8}") = "Tests", "Tests", "{95521A18-F7D5-424A-BCFD-CE3A331D06F1}"
EndProject
Project("{FAE04EC0-301F-11D3-BF4B-00C04F79EFBC}") = "Net45Web", "Net45Web\Net45Web.csproj", "{CC2BD31B-282C-4930-A47A-DFA6C5CC6DD5}"
EndProject
Project("{9A19103F-16F7-4668-BE54-9A1E7A4F7556}") = "NetCoreWeb", "NetCoreWeb\NetCoreWeb.csproj", "{3B48E833-8B05-4918-A648-5161869ECAE3}"
EndProject
Project("{9A19103F-16F7-4668-BE54-9A1E7A4F7556}") = "NetCorePal.HealthCheck.WebApi", "NetCorePal.HealthCheck.WebApi\NetCorePal.HealthCheck.WebApi.csproj", "{78A92127-6155-4F53-9F48-5929308EDBD6}"
EndProject
Project("{9A19103F-16F7-4668-BE54-9A1E7A4F7556}") = "NetCorePal.HealthCheck.Owin", "NetCorePal.HealthCheck.Owin\NetCorePal.HealthCheck.Owin.csproj", "{F684E73D-400C-4A3E-BF94-E8B82644532F}"
EndProject
Project("{FAE04EC0-301F-11D3-BF4B-00C04F79EFBC}") = "Net45Owin", "Net45Owin\Net45Owin.csproj", "{4C26024D-F14D-4375-985E-948ED67F6B10}"
EndProject
Project("{FAE04EC0-301F-11D3-BF4B-00C04F79EFBC}") = "Net45WebApi", "Net45WebApi\Net45WebApi.csproj", "{FA728183-8C57-4C16-BFA9-DACECFDC0897}"
EndProject
Project("{9A19103F-16F7-4668-BE54-9A1E7A4F7556}") = "NetCorePal.HealthCheck.Redis", "NetCorePal.HealthCheck.Redis\NetCorePal.HealthCheck.Redis.csproj", "{B6F95F4C-0AA2-44DD-94B0-C60882F605D9}"
EndProject
Project("{9A19103F-16F7-4668-BE54-9A1E7A4F7556}") = "NetCorePal.HealthCheck.RabbitMQ", "NetCorePal.HealthCheck.RabbitMQ\NetCorePal.HealthCheck.RabbitMQ.csproj", "{6FA69DDD-7BCD-440B-B0D3-2500A7C20F7B}"
EndProject
Project("{2150E333-8FDC-42A3-9474-1A3956D46DE8}") = "build", "build", "{47309CD0-1203-4B92-BFA4-D48B49752A51}"
	ProjectSection(SolutionItems) = preProject
		build\version.props = build\version.props
	EndProjectSection
EndProject
Global
	GlobalSection(SolutionConfigurationPlatforms) = preSolution
		Debug|Any CPU = Debug|Any CPU
		Release|Any CPU = Release|Any CPU
	EndGlobalSection
	GlobalSection(ProjectConfigurationPlatforms) = postSolution
		{729C4E31-F3E8-42E1-BA4C-4C29D8416622}.Debug|Any CPU.ActiveCfg = Debug|Any CPU
		{729C4E31-F3E8-42E1-BA4C-4C29D8416622}.Debug|Any CPU.Build.0 = Debug|Any CPU
		{729C4E31-F3E8-42E1-BA4C-4C29D8416622}.Release|Any CPU.ActiveCfg = Release|Any CPU
		{729C4E31-F3E8-42E1-BA4C-4C29D8416622}.Release|Any CPU.Build.0 = Release|Any CPU
		{4201B6BF-3D2C-4B6F-B948-A1CD1AE24C12}.Debug|Any CPU.ActiveCfg = Debug|Any CPU
		{4201B6BF-3D2C-4B6F-B948-A1CD1AE24C12}.Debug|Any CPU.Build.0 = Debug|Any CPU
		{4201B6BF-3D2C-4B6F-B948-A1CD1AE24C12}.Release|Any CPU.ActiveCfg = Release|Any CPU
		{4201B6BF-3D2C-4B6F-B948-A1CD1AE24C12}.Release|Any CPU.Build.0 = Release|Any CPU
		{D2C1AF24-5253-4ABA-B5B0-8E9B2522E27B}.Debug|Any CPU.ActiveCfg = Debug|Any CPU
		{D2C1AF24-5253-4ABA-B5B0-8E9B2522E27B}.Debug|Any CPU.Build.0 = Debug|Any CPU
		{D2C1AF24-5253-4ABA-B5B0-8E9B2522E27B}.Release|Any CPU.ActiveCfg = Release|Any CPU
		{D2C1AF24-5253-4ABA-B5B0-8E9B2522E27B}.Release|Any CPU.Build.0 = Release|Any CPU
		{EB5BF31F-4506-4350-B461-4B6C03FE56D8}.Debug|Any CPU.ActiveCfg = Debug|Any CPU
		{EB5BF31F-4506-4350-B461-4B6C03FE56D8}.Debug|Any CPU.Build.0 = Debug|Any CPU
		{EB5BF31F-4506-4350-B461-4B6C03FE56D8}.Release|Any CPU.ActiveCfg = Release|Any CPU
		{EB5BF31F-4506-4350-B461-4B6C03FE56D8}.Release|Any CPU.Build.0 = Release|Any CPU
		{28B0DC13-3019-4CF8-9ECC-DA65538ADCA0}.Debug|Any CPU.ActiveCfg = Debug|Any CPU
		{28B0DC13-3019-4CF8-9ECC-DA65538ADCA0}.Debug|Any CPU.Build.0 = Debug|Any CPU
		{28B0DC13-3019-4CF8-9ECC-DA65538ADCA0}.Release|Any CPU.ActiveCfg = Release|Any CPU
		{28B0DC13-3019-4CF8-9ECC-DA65538ADCA0}.Release|Any CPU.Build.0 = Release|Any CPU
		{1AE5AF72-E5CE-46B3-B41D-1F603A89C385}.Debug|Any CPU.ActiveCfg = Debug|Any CPU
		{1AE5AF72-E5CE-46B3-B41D-1F603A89C385}.Debug|Any CPU.Build.0 = Debug|Any CPU
		{1AE5AF72-E5CE-46B3-B41D-1F603A89C385}.Release|Any CPU.ActiveCfg = Release|Any CPU
		{1AE5AF72-E5CE-46B3-B41D-1F603A89C385}.Release|Any CPU.Build.0 = Release|Any CPU
		{CC2BD31B-282C-4930-A47A-DFA6C5CC6DD5}.Debug|Any CPU.ActiveCfg = Debug|Any CPU
		{CC2BD31B-282C-4930-A47A-DFA6C5CC6DD5}.Debug|Any CPU.Build.0 = Debug|Any CPU
		{CC2BD31B-282C-4930-A47A-DFA6C5CC6DD5}.Release|Any CPU.ActiveCfg = Release|Any CPU
		{CC2BD31B-282C-4930-A47A-DFA6C5CC6DD5}.Release|Any CPU.Build.0 = Release|Any CPU
		{3B48E833-8B05-4918-A648-5161869ECAE3}.Debug|Any CPU.ActiveCfg = Debug|Any CPU
		{3B48E833-8B05-4918-A648-5161869ECAE3}.Debug|Any CPU.Build.0 = Debug|Any CPU
		{3B48E833-8B05-4918-A648-5161869ECAE3}.Release|Any CPU.ActiveCfg = Release|Any CPU
		{3B48E833-8B05-4918-A648-5161869ECAE3}.Release|Any CPU.Build.0 = Release|Any CPU
		{78A92127-6155-4F53-9F48-5929308EDBD6}.Debug|Any CPU.ActiveCfg = Debug|Any CPU
		{78A92127-6155-4F53-9F48-5929308EDBD6}.Debug|Any CPU.Build.0 = Debug|Any CPU
		{78A92127-6155-4F53-9F48-5929308EDBD6}.Release|Any CPU.ActiveCfg = Release|Any CPU
		{78A92127-6155-4F53-9F48-5929308EDBD6}.Release|Any CPU.Build.0 = Release|Any CPU
		{F684E73D-400C-4A3E-BF94-E8B82644532F}.Debug|Any CPU.ActiveCfg = Debug|Any CPU
		{F684E73D-400C-4A3E-BF94-E8B82644532F}.Debug|Any CPU.Build.0 = Debug|Any CPU
		{F684E73D-400C-4A3E-BF94-E8B82644532F}.Release|Any CPU.ActiveCfg = Release|Any CPU
		{F684E73D-400C-4A3E-BF94-E8B82644532F}.Release|Any CPU.Build.0 = Release|Any CPU
		{4C26024D-F14D-4375-985E-948ED67F6B10}.Debug|Any CPU.ActiveCfg = Debug|Any CPU
		{4C26024D-F14D-4375-985E-948ED67F6B10}.Debug|Any CPU.Build.0 = Debug|Any CPU
		{4C26024D-F14D-4375-985E-948ED67F6B10}.Release|Any CPU.ActiveCfg = Release|Any CPU
		{4C26024D-F14D-4375-985E-948ED67F6B10}.Release|Any CPU.Build.0 = Release|Any CPU
		{FA728183-8C57-4C16-BFA9-DACECFDC0897}.Debug|Any CPU.ActiveCfg = Debug|Any CPU
		{FA728183-8C57-4C16-BFA9-DACECFDC0897}.Debug|Any CPU.Build.0 = Debug|Any CPU
		{FA728183-8C57-4C16-BFA9-DACECFDC0897}.Release|Any CPU.ActiveCfg = Release|Any CPU
		{FA728183-8C57-4C16-BFA9-DACECFDC0897}.Release|Any CPU.Build.0 = Release|Any CPU
		{B6F95F4C-0AA2-44DD-94B0-C60882F605D9}.Debug|Any CPU.ActiveCfg = Debug|Any CPU
		{B6F95F4C-0AA2-44DD-94B0-C60882F605D9}.Debug|Any CPU.Build.0 = Debug|Any CPU
		{B6F95F4C-0AA2-44DD-94B0-C60882F605D9}.Release|Any CPU.ActiveCfg = Release|Any CPU
		{B6F95F4C-0AA2-44DD-94B0-C60882F605D9}.Release|Any CPU.Build.0 = Release|Any CPU
		{6FA69DDD-7BCD-440B-B0D3-2500A7C20F7B}.Debug|Any CPU.ActiveCfg = Debug|Any CPU
		{6FA69DDD-7BCD-440B-B0D3-2500A7C20F7B}.Debug|Any CPU.Build.0 = Debug|Any CPU
		{6FA69DDD-7BCD-440B-B0D3-2500A7C20F7B}.Release|Any CPU.ActiveCfg = Release|Any CPU
		{6FA69DDD-7BCD-440B-B0D3-2500A7C20F7B}.Release|Any CPU.Build.0 = Release|Any CPU
	EndGlobalSection
	GlobalSection(SolutionProperties) = preSolution
		HideSolutionNode = FALSE
	EndGlobalSection
	GlobalSection(NestedProjects) = preSolution
		{4201B6BF-3D2C-4B6F-B948-A1CD1AE24C12} = {95521A18-F7D5-424A-BCFD-CE3A331D06F1}
		{28B0DC13-3019-4CF8-9ECC-DA65538ADCA0} = {95521A18-F7D5-424A-BCFD-CE3A331D06F1}
		{1AE5AF72-E5CE-46B3-B41D-1F603A89C385} = {95521A18-F7D5-424A-BCFD-CE3A331D06F1}
		{CC2BD31B-282C-4930-A47A-DFA6C5CC6DD5} = {95521A18-F7D5-424A-BCFD-CE3A331D06F1}
		{3B48E833-8B05-4918-A648-5161869ECAE3} = {95521A18-F7D5-424A-BCFD-CE3A331D06F1}
		{4C26024D-F14D-4375-985E-948ED67F6B10} = {95521A18-F7D5-424A-BCFD-CE3A331D06F1}
		{FA728183-8C57-4C16-BFA9-DACECFDC0897} = {95521A18-F7D5-424A-BCFD-CE3A331D06F1}
	EndGlobalSection
	GlobalSection(ExtensibilityGlobals) = postSolution
		SolutionGuid = {117AA9EF-C635-450D-ABA5-2ABC3AD4F47C}
	EndGlobalSection
EndGlobal
